
Microsoft Visual Studio Solution File, Format Version 12.00
# Visual Studio 2013
VisualStudioVersion = 12.0.21005.1
MinimumVisualStudioVersion = 10.0.40219.1
Project("{FAE04EC0-301F-11D3-BF4B-00C04F79EFBC}") = "TimeTracker.Web", "TimeTracker.Web\TimeTracker.Web.csproj", "{5BF2D523-853A-4854-91C1-F4FE8EBC25C8}"
EndProject
Project("{FAE04EC0-301F-11D3-BF4B-00C04F79EFBC}") = "TimeTrakcer.Wpf", "TimeTrakcer.Wpf\TimeTrakcer.Wpf.csproj", "{0E9E1E9B-D7B8-42CD-8BC3-5C5833D94FBD}"
EndProject
Project("{FAE04EC0-301F-11D3-BF4B-00C04F79EFBC}") = "TimeTracker.Wcf", "TimeTracker.Wcf\TimeTracker.Wcf.csproj", "{D5290F61-4DFD-4C7C-B8E0-F06DDFE91296}"
EndProject
Project("{2150E333-8FDC-42A3-9474-1A3956D46DE8}") = "Tests", "Tests", "{BE54BBFA-6727-4FC2-A953-67C843FB5B0D}"
EndProject
Project("{FAE04EC0-301F-11D3-BF4B-00C04F79EFBC}") = "WebTests", "WebTests\WebTests.csproj", "{CB5FF6BB-2545-492D-A8A3-2C578E8A2228}"
EndProject
Project("{FAE04EC0-301F-11D3-BF4B-00C04F79EFBC}") = "WpfTests", "WpfTests\WpfTests.csproj", "{AFEE626B-E14A-400A-8F48-C19052EAB773}"
EndProject
Project("{FAE04EC0-301F-11D3-BF4B-00C04F79EFBC}") = "WcfTests", "WcfTests\WcfTests.csproj", "{46B5A7AC-1ED5-4B9B-9370-8EB604EFAE09}"
EndProject
Project("{FAE04EC0-301F-11D3-BF4B-00C04F79EFBC}") = "TimeTracker.Model", "TimeTracker.Model\TimeTracker.Model.csproj", "{C6FFD3CD-2400-415B-9551-D2587F4954EE}"
EndProject
Project("{FAE04EC0-301F-11D3-BF4B-00C04F79EFBC}") = "TimeTracker.Repository", "TimeTracker.Repository\TimeTracker.Repository.csproj", "{54380891-38C3-4166-BCFE-702481E1290D}"
EndProject
Project("{FAE04EC0-301F-11D3-BF4B-00C04F79EFBC}") = "TimeTracker.Wrapper", "TimeTracker.Wrapper\TimeTracker.Wrapper.csproj", "{413FE920-CDB0-4B3C-BD23-DFD1902DC5C6}"
EndProject
Project("{FAE04EC0-301F-11D3-BF4B-00C04F79EFBC}") = "TimeTracker.ClassService", "TimeTracker.ClassService\TimeTracker.ClassService.csproj", "{ECC8EE94-72BF-4BD4-830C-9504D41B36C6}"
EndProject
Global
	GlobalSection(SolutionConfigurationPlatforms) = preSolution
		Debug|Any CPU = Debug|Any CPU
		Release|Any CPU = Release|Any CPU
	EndGlobalSection
	GlobalSection(ProjectConfigurationPlatforms) = postSolution
		{5BF2D523-853A-4854-91C1-F4FE8EBC25C8}.Debug|Any CPU.ActiveCfg = Debug|Any CPU
		{5BF2D523-853A-4854-91C1-F4FE8EBC25C8}.Debug|Any CPU.Build.0 = Debug|Any CPU
		{5BF2D523-853A-4854-91C1-F4FE8EBC25C8}.Release|Any CPU.ActiveCfg = Release|Any CPU
		{5BF2D523-853A-4854-91C1-F4FE8EBC25C8}.Release|Any CPU.Build.0 = Release|Any CPU
		{0E9E1E9B-D7B8-42CD-8BC3-5C5833D94FBD}.Debug|Any CPU.ActiveCfg = Debug|Any CPU
		{0E9E1E9B-D7B8-42CD-8BC3-5C5833D94FBD}.Debug|Any CPU.Build.0 = Debug|Any CPU
		{0E9E1E9B-D7B8-42CD-8BC3-5C5833D94FBD}.Release|Any CPU.ActiveCfg = Release|Any CPU
		{0E9E1E9B-D7B8-42CD-8BC3-5C5833D94FBD}.Release|Any CPU.Build.0 = Release|Any CPU
		{D5290F61-4DFD-4C7C-B8E0-F06DDFE91296}.Debug|Any CPU.ActiveCfg = Debug|Any CPU
		{D5290F61-4DFD-4C7C-B8E0-F06DDFE91296}.Debug|Any CPU.Build.0 = Debug|Any CPU
		{D5290F61-4DFD-4C7C-B8E0-F06DDFE91296}.Release|Any CPU.ActiveCfg = Release|Any CPU
		{D5290F61-4DFD-4C7C-B8E0-F06DDFE91296}.Release|Any CPU.Build.0 = Release|Any CPU
		{CB5FF6BB-2545-492D-A8A3-2C578E8A2228}.Debug|Any CPU.ActiveCfg = Debug|Any CPU
		{CB5FF6BB-2545-492D-A8A3-2C578E8A2228}.Debug|Any CPU.Build.0 = Debug|Any CPU
		{CB5FF6BB-2545-492D-A8A3-2C578E8A2228}.Release|Any CPU.ActiveCfg = Release|Any CPU
		{CB5FF6BB-2545-492D-A8A3-2C578E8A2228}.Release|Any CPU.Build.0 = Release|Any CPU
		{AFEE626B-E14A-400A-8F48-C19052EAB773}.Debug|Any CPU.ActiveCfg = Debug|Any CPU
		{AFEE626B-E14A-400A-8F48-C19052EAB773}.Debug|Any CPU.Build.0 = Debug|Any CPU
		{AFEE626B-E14A-400A-8F48-C19052EAB773}.Release|Any CPU.ActiveCfg = Release|Any CPU
		{AFEE626B-E14A-400A-8F48-C19052EAB773}.Release|Any CPU.Build.0 = Release|Any CPU
		{46B5A7AC-1ED5-4B9B-9370-8EB604EFAE09}.Debug|Any CPU.ActiveCfg = Debug|Any CPU
		{46B5A7AC-1ED5-4B9B-9370-8EB604EFAE09}.Debug|Any CPU.Build.0 = Debug|Any CPU
		{46B5A7AC-1ED5-4B9B-9370-8EB604EFAE09}.Release|Any CPU.ActiveCfg = Release|Any CPU
		{46B5A7AC-1ED5-4B9B-9370-8EB604EFAE09}.Release|Any CPU.Build.0 = Release|Any CPU
		{C6FFD3CD-2400-415B-9551-D2587F4954EE}.Debug|Any CPU.ActiveCfg = Debug|Any CPU
		{C6FFD3CD-2400-415B-9551-D2587F4954EE}.Debug|Any CPU.Build.0 = Debug|Any CPU
		{C6FFD3CD-2400-415B-9551-D2587F4954EE}.Release|Any CPU.ActiveCfg = Release|Any CPU
		{C6FFD3CD-2400-415B-9551-D2587F4954EE}.Release|Any CPU.Build.0 = Release|Any CPU
		{54380891-38C3-4166-BCFE-702481E1290D}.Debug|Any CPU.ActiveCfg = Debug|Any CPU
		{54380891-38C3-4166-BCFE-702481E1290D}.Debug|Any CPU.Build.0 = Debug|Any CPU
		{54380891-38C3-4166-BCFE-702481E1290D}.Release|Any CPU.ActiveCfg = Release|Any CPU
		{54380891-38C3-4166-BCFE-702481E1290D}.Release|Any CPU.Build.0 = Release|Any CPU
		{413FE920-CDB0-4B3C-BD23-DFD1902DC5C6}.Debug|Any CPU.ActiveCfg = Debug|Any CPU
		{413FE920-CDB0-4B3C-BD23-DFD1902DC5C6}.Debug|Any CPU.Build.0 = Debug|Any CPU
		{413FE920-CDB0-4B3C-BD23-DFD1902DC5C6}.Release|Any CPU.ActiveCfg = Release|Any CPU
		{413FE920-CDB0-4B3C-BD23-DFD1902DC5C6}.Release|Any CPU.Build.0 = Release|Any CPU
		{ECC8EE94-72BF-4BD4-830C-9504D41B36C6}.Debug|Any CPU.ActiveCfg = Debug|Any CPU
		{ECC8EE94-72BF-4BD4-830C-9504D41B36C6}.Debug|Any CPU.Build.0 = Debug|Any CPU
		{ECC8EE94-72BF-4BD4-830C-9504D41B36C6}.Release|Any CPU.ActiveCfg = Release|Any CPU
		{ECC8EE94-72BF-4BD4-830C-9504D41B36C6}.Release|Any CPU.Build.0 = Release|Any CPU
	EndGlobalSection
	GlobalSection(SolutionProperties) = preSolution
		HideSolutionNode = FALSE
	EndGlobalSection
	GlobalSection(NestedProjects) = preSolution
		{CB5FF6BB-2545-492D-A8A3-2C578E8A2228} = {BE54BBFA-6727-4FC2-A953-67C843FB5B0D}
		{AFEE626B-E14A-400A-8F48-C19052EAB773} = {BE54BBFA-6727-4FC2-A953-67C843FB5B0D}
		{46B5A7AC-1ED5-4B9B-9370-8EB604EFAE09} = {BE54BBFA-6727-4FC2-A953-67C843FB5B0D}
	EndGlobalSection
EndGlobal
