
Microsoft Visual Studio Solution File, Format Version 12.00
# Visual Studio 2013
VisualStudioVersion = 12.0.21005.1
MinimumVisualStudioVersion = 10.0.40219.1
Project("{FAE04EC0-301F-11D3-BF4B-00C04F79EFBC}") = "TimeTracker.Wcf", "TimeTracker.Wcf\TimeTracker.Wcf.csproj", "{D5290F61-4DFD-4C7C-B8E0-F06DDFE91296}"
EndProject
Project("{2150E333-8FDC-42A3-9474-1A3956D46DE8}") = "Tests", "Tests", "{BE54BBFA-6727-4FC2-A953-67C843FB5B0D}"
EndProject
Project("{FAE04EC0-301F-11D3-BF4B-00C04F79EFBC}") = "WebTests", "WebTests\WebTests.csproj", "{CB5FF6BB-2545-492D-A8A3-2C578E8A2228}"
EndProject
Project("{FAE04EC0-301F-11D3-BF4B-00C04F79EFBC}") = "WcfTests", "WcfTests\WcfTests.csproj", "{46B5A7AC-1ED5-4B9B-9370-8EB604EFAE09}"
EndProject
Project("{FAE04EC0-301F-11D3-BF4B-00C04F79EFBC}") = "TimeTracker.Repository", "TimeTracker.Repository\TimeTracker.Repository.csproj", "{54380891-38C3-4166-BCFE-702481E1290D}"
EndProject
Project("{FAE04EC0-301F-11D3-BF4B-00C04F79EFBC}") = "TimeTracker.Wrapper", "TimeTracker.Wrapper\TimeTracker.Wrapper.csproj", "{413FE920-CDB0-4B3C-BD23-DFD1902DC5C6}"
EndProject
Project("{FAE04EC0-301F-11D3-BF4B-00C04F79EFBC}") = "TimeTracker.ClassService", "TimeTracker.ClassService\TimeTracker.ClassService.csproj", "{ECC8EE94-72BF-4BD4-830C-9504D41B36C6}"
EndProject
Project("{FAE04EC0-301F-11D3-BF4B-00C04F79EFBC}") = "TimeTracker.WebApi", "TimeTracker.WebApi\TimeTracker.WebApi.csproj", "{1D2D59C7-0E3F-4CC2-AB33-D7BCC76BA4A2}"
EndProject
Project("{FAE04EC0-301F-11D3-BF4B-00C04F79EFBC}") = "TimeTracker.Web", "TimeTracker.Web\TimeTracker.Web.csproj", "{CA9C63E2-4442-42F7-AAF3-DEC1645C7032}"
EndProject
Project("{FAE04EC0-301F-11D3-BF4B-00C04F79EFBC}") = "TimeTracker.Model", "TimeTracker.Model\TimeTracker.Model.csproj", "{A139D99E-95F4-4813-9902-0E9066AF52D6}"
EndProject
Global
	GlobalSection(SolutionConfigurationPlatforms) = preSolution
		Debug|Any CPU = Debug|Any CPU
		Release|Any CPU = Release|Any CPU
	EndGlobalSection
	GlobalSection(ProjectConfigurationPlatforms) = postSolution
		{D5290F61-4DFD-4C7C-B8E0-F06DDFE91296}.Debug|Any CPU.ActiveCfg = Debug|Any CPU
		{D5290F61-4DFD-4C7C-B8E0-F06DDFE91296}.Debug|Any CPU.Build.0 = Debug|Any CPU
		{D5290F61-4DFD-4C7C-B8E0-F06DDFE91296}.Release|Any CPU.ActiveCfg = Release|Any CPU
		{D5290F61-4DFD-4C7C-B8E0-F06DDFE91296}.Release|Any CPU.Build.0 = Release|Any CPU
		{CB5FF6BB-2545-492D-A8A3-2C578E8A2228}.Debug|Any CPU.ActiveCfg = Debug|Any CPU
		{CB5FF6BB-2545-492D-A8A3-2C578E8A2228}.Debug|Any CPU.Build.0 = Debug|Any CPU
		{CB5FF6BB-2545-492D-A8A3-2C578E8A2228}.Release|Any CPU.ActiveCfg = Release|Any CPU
		{CB5FF6BB-2545-492D-A8A3-2C578E8A2228}.Release|Any CPU.Build.0 = Release|Any CPU
		{46B5A7AC-1ED5-4B9B-9370-8EB604EFAE09}.Debug|Any CPU.ActiveCfg = Debug|Any CPU
		{46B5A7AC-1ED5-4B9B-9370-8EB604EFAE09}.Debug|Any CPU.Build.0 = Debug|Any CPU
		{46B5A7AC-1ED5-4B9B-9370-8EB604EFAE09}.Release|Any CPU.ActiveCfg = Release|Any CPU
		{46B5A7AC-1ED5-4B9B-9370-8EB604EFAE09}.Release|Any CPU.Build.0 = Release|Any CPU
		{54380891-38C3-4166-BCFE-702481E1290D}.Debug|Any CPU.ActiveCfg = Debug|Any CPU
		{54380891-38C3-4166-BCFE-702481E1290D}.Debug|Any CPU.Build.0 = Debug|Any CPU
		{54380891-38C3-4166-BCFE-702481E1290D}.Release|Any CPU.ActiveCfg = Release|Any CPU
		{54380891-38C3-4166-BCFE-702481E1290D}.Release|Any CPU.Build.0 = Release|Any CPU
		{413FE920-CDB0-4B3C-BD23-DFD1902DC5C6}.Debug|Any CPU.ActiveCfg = Debug|Any CPU
		{413FE920-CDB0-4B3C-BD23-DFD1902DC5C6}.Debug|Any CPU.Build.0 = Debug|Any CPU
		{413FE920-CDB0-4B3C-BD23-DFD1902DC5C6}.Release|Any CPU.ActiveCfg = Release|Any CPU
		{413FE920-CDB0-4B3C-BD23-DFD1902DC5C6}.Release|Any CPU.Build.0 = Release|Any CPU
		{ECC8EE94-72BF-4BD4-830C-9504D41B36C6}.Debug|Any CPU.ActiveCfg = Debug|Any CPU
		{ECC8EE94-72BF-4BD4-830C-9504D41B36C6}.Debug|Any CPU.Build.0 = Debug|Any CPU
		{ECC8EE94-72BF-4BD4-830C-9504D41B36C6}.Release|Any CPU.ActiveCfg = Release|Any CPU
		{ECC8EE94-72BF-4BD4-830C-9504D41B36C6}.Release|Any CPU.Build.0 = Release|Any CPU
		{1D2D59C7-0E3F-4CC2-AB33-D7BCC76BA4A2}.Debug|Any CPU.ActiveCfg = Debug|Any CPU
		{1D2D59C7-0E3F-4CC2-AB33-D7BCC76BA4A2}.Debug|Any CPU.Build.0 = Debug|Any CPU
		{1D2D59C7-0E3F-4CC2-AB33-D7BCC76BA4A2}.Release|Any CPU.ActiveCfg = Release|Any CPU
		{1D2D59C7-0E3F-4CC2-AB33-D7BCC76BA4A2}.Release|Any CPU.Build.0 = Release|Any CPU
		{CA9C63E2-4442-42F7-AAF3-DEC1645C7032}.Debug|Any CPU.ActiveCfg = Debug|Any CPU
		{CA9C63E2-4442-42F7-AAF3-DEC1645C7032}.Debug|Any CPU.Build.0 = Debug|Any CPU
		{CA9C63E2-4442-42F7-AAF3-DEC1645C7032}.Release|Any CPU.ActiveCfg = Release|Any CPU
		{CA9C63E2-4442-42F7-AAF3-DEC1645C7032}.Release|Any CPU.Build.0 = Release|Any CPU
		{A139D99E-95F4-4813-9902-0E9066AF52D6}.Debug|Any CPU.ActiveCfg = Debug|Any CPU
		{A139D99E-95F4-4813-9902-0E9066AF52D6}.Debug|Any CPU.Build.0 = Debug|Any CPU
		{A139D99E-95F4-4813-9902-0E9066AF52D6}.Release|Any CPU.ActiveCfg = Release|Any CPU
		{A139D99E-95F4-4813-9902-0E9066AF52D6}.Release|Any CPU.Build.0 = Release|Any CPU
	EndGlobalSection
	GlobalSection(SolutionProperties) = preSolution
		HideSolutionNode = FALSE
	EndGlobalSection
	GlobalSection(NestedProjects) = preSolution
		{CB5FF6BB-2545-492D-A8A3-2C578E8A2228} = {BE54BBFA-6727-4FC2-A953-67C843FB5B0D}
		{46B5A7AC-1ED5-4B9B-9370-8EB604EFAE09} = {BE54BBFA-6727-4FC2-A953-67C843FB5B0D}
	EndGlobalSection
EndGlobal
